// !$*UTF8*$!
{
	archiveVersion = 1;
	classes = {
	};
	objectVersion = 56;
	objects = {

/* Begin PBXBuildFile section */
		A1FF15CE295DCCAB007BBB93 /* main.cpp in Sources */ = {isa = PBXBuildFile; fileRef = A1FF15CD295DCCAB007BBB93 /* main.cpp */; };
		A1FF15D9295DCDD2007BBB93 /* 704.cpp in Sources */ = {isa = PBXBuildFile; fileRef = A1FF15D7295DCDD2007BBB93 /* 704.cpp */; };
		A1FF15DE295F19D0007BBB93 /* 27.cpp in Sources */ = {isa = PBXBuildFile; fileRef = A1FF15DC295F19D0007BBB93 /* 27.cpp */; };
		A1FF15E1295F1EEC007BBB93 /* 26.cpp in Sources */ = {isa = PBXBuildFile; fileRef = A1FF15DF295F1EEC007BBB93 /* 26.cpp */; };
		A1FF160E296072B1007BBB93 /* 283.cpp in Sources */ = {isa = PBXBuildFile; fileRef = A1FF160C296072B1007BBB93 /* 283.cpp */; };
/* End PBXBuildFile section */

/* Begin PBXCopyFilesBuildPhase section */
		A1FF15C8295DCCAB007BBB93 /* CopyFiles */ = {
			isa = PBXCopyFilesBuildPhase;
			buildActionMask = 2147483647;
			dstPath = /usr/share/man/man1/;
			dstSubfolderSpec = 0;
			files = (
			);
			runOnlyForDeploymentPostprocessing = 1;
		};
/* End PBXCopyFilesBuildPhase section */

/* Begin PBXFileReference section */
		A1FF15CA295DCCAB007BBB93 /* LeetCodeProject */ = {isa = PBXFileReference; explicitFileType = "compiled.mach-o.executable"; includeInIndex = 0; path = LeetCodeProject; sourceTree = BUILT_PRODUCTS_DIR; };
		A1FF15CD295DCCAB007BBB93 /* main.cpp */ = {isa = PBXFileReference; lastKnownFileType = sourcecode.cpp.cpp; path = main.cpp; sourceTree = "<group>"; };
		A1FF15D7295DCDD2007BBB93 /* 704.cpp */ = {isa = PBXFileReference; lastKnownFileType = sourcecode.cpp.cpp; path = 704.cpp; sourceTree = "<group>"; };
		A1FF15D8295DCDD2007BBB93 /* 704.hpp */ = {isa = PBXFileReference; lastKnownFileType = sourcecode.cpp.h; path = 704.hpp; sourceTree = "<group>"; };
		A1FF15DC295F19D0007BBB93 /* 27.cpp */ = {isa = PBXFileReference; lastKnownFileType = sourcecode.cpp.cpp; path = 27.cpp; sourceTree = "<group>"; };
		A1FF15DD295F19D0007BBB93 /* 27.hpp */ = {isa = PBXFileReference; lastKnownFileType = sourcecode.cpp.h; path = 27.hpp; sourceTree = "<group>"; };
		A1FF15DF295F1EEC007BBB93 /* 26.cpp */ = {isa = PBXFileReference; lastKnownFileType = sourcecode.cpp.cpp; path = 26.cpp; sourceTree = "<group>"; };
		A1FF15E0295F1EEC007BBB93 /* 26.hpp */ = {isa = PBXFileReference; lastKnownFileType = sourcecode.cpp.h; path = 26.hpp; sourceTree = "<group>"; };
		A1FF160C296072B1007BBB93 /* 283.cpp */ = {isa = PBXFileReference; lastKnownFileType = sourcecode.cpp.cpp; path = 283.cpp; sourceTree = "<group>"; };
		A1FF160D296072B1007BBB93 /* 283.hpp */ = {isa = PBXFileReference; lastKnownFileType = sourcecode.cpp.h; path = 283.hpp; sourceTree = "<group>"; };
/* End PBXFileReference section */

/* Begin PBXFrameworksBuildPhase section */
		A1FF15C7295DCCAB007BBB93 /* Frameworks */ = {
			isa = PBXFrameworksBuildPhase;
			buildActionMask = 2147483647;
			files = (
			);
			runOnlyForDeploymentPostprocessing = 0;
		};
/* End PBXFrameworksBuildPhase section */

/* Begin PBXGroup section */
		A1FF15C1295DCCAB007BBB93 = {
			isa = PBXGroup;
			children = (
				A1FF15CC295DCCAB007BBB93 /* LeetCodeProject */,
				A1FF15CB295DCCAB007BBB93 /* Products */,
			);
			sourceTree = "<group>";
		};
		A1FF15CB295DCCAB007BBB93 /* Products */ = {
			isa = PBXGroup;
			children = (
				A1FF15CA295DCCAB007BBB93 /* LeetCodeProject */,
			);
			name = Products;
			sourceTree = "<group>";
		};
		A1FF15CC295DCCAB007BBB93 /* LeetCodeProject */ = {
			isa = PBXGroup;
			children = (
				A1FF15DB295DCEB2007BBB93 /* StringAL */,
				A1FF15DA295DCEA6007BBB93 /* LinkedListAL */,
				A1FF15D6295DCD9E007BBB93 /* ArrayAL */,
				A1FF15CD295DCCAB007BBB93 /* main.cpp */,
			);
			path = LeetCodeProject;
			sourceTree = "<group>";
		};
		A1FF15D6295DCD9E007BBB93 /* ArrayAL */ = {
			isa = PBXGroup;
			children = (
				A1FF15D7295DCDD2007BBB93 /* 704.cpp */,
				A1FF15D8295DCDD2007BBB93 /* 704.hpp */,
				A1FF15DC295F19D0007BBB93 /* 27.cpp */,
				A1FF15DD295F19D0007BBB93 /* 27.hpp */,
				A1FF15DF295F1EEC007BBB93 /* 26.cpp */,
				A1FF15E0295F1EEC007BBB93 /* 26.hpp */,
				A1FF160C296072B1007BBB93 /* 283.cpp */,
				A1FF160D296072B1007BBB93 /* 283.hpp */,
			);
			path = ArrayAL;
			sourceTree = "<group>";
		};
		A1FF15DA295DCEA6007BBB93 /* LinkedListAL */ = {
			isa = PBXGroup;
			children = (
			);
			path = LinkedListAL;
			sourceTree = "<group>";
		};
		A1FF15DB295DCEB2007BBB93 /* StringAL */ = {
			isa = PBXGroup;
			children = (
			);
			path = StringAL;
			sourceTree = "<group>";
		};
/* End PBXGroup section */

/* Begin PBXNativeTarget section */
		A1FF15C9295DCCAB007BBB93 /* LeetCodeProject */ = {
			isa = PBXNativeTarget;
			buildConfigurationList = A1FF15D1295DCCAB007BBB93 /* Build configuration list for PBXNativeTarget "LeetCodeProject" */;
			buildPhases = (
				A1FF15C6295DCCAB007BBB93 /* Sources */,
				A1FF15C7295DCCAB007BBB93 /* Frameworks */,
				A1FF15C8295DCCAB007BBB93 /* CopyFiles */,
			);
			buildRules = (
			);
			dependencies = (
			);
			name = LeetCodeProject;
			productName = LeetCodeProject;
			productReference = A1FF15CA295DCCAB007BBB93 /* LeetCodeProject */;
			productType = "com.apple.product-type.tool";
		};
/* End PBXNativeTarget section */

/* Begin PBXProject section */
		A1FF15C2295DCCAB007BBB93 /* Project object */ = {
			isa = PBXProject;
			attributes = {
				BuildIndependentTargetsInParallel = 1;
				LastUpgradeCheck = 1410;
				TargetAttributes = {
					A1FF15C9295DCCAB007BBB93 = {
						CreatedOnToolsVersion = 14.1;
					};
				};
			};
			buildConfigurationList = A1FF15C5295DCCAB007BBB93 /* Build configuration list for PBXProject "LeetCodeProject" */;
			compatibilityVersion = "Xcode 14.0";
			developmentRegion = en;
			hasScannedForEncodings = 0;
			knownRegions = (
				en,
				Base,
			);
			mainGroup = A1FF15C1295DCCAB007BBB93;
			productRefGroup = A1FF15CB295DCCAB007BBB93 /* Products */;
			projectDirPath = "";
			projectRoot = "";
			targets = (
				A1FF15C9295DCCAB007BBB93 /* LeetCodeProject */,
			);
		};
/* End PBXProject section */

/* Begin PBXSourcesBuildPhase section */
		A1FF15C6295DCCAB007BBB93 /* Sources */ = {
			isa = PBXSourcesBuildPhase;
			buildActionMask = 2147483647;
			files = (
				A1FF15CE295DCCAB007BBB93 /* main.cpp in Sources */,
				A1FF15D9295DCDD2007BBB93 /* 704.cpp in Sources */,
				A1FF160E296072B1007BBB93 /* 283.cpp in Sources */,
				A1FF15DE295F19D0007BBB93 /* 27.cpp in Sources */,
				A1FF15E1295F1EEC007BBB93 /* 26.cpp in Sources */,
			);
			runOnlyForDeploymentPostprocessing = 0;
		};
/* End PBXSourcesBuildPhase section */

/* Begin XCBuildConfiguration section */
		A1FF15CF295DCCAB007BBB93 /* Debug */ = {
			isa = XCBuildConfiguration;
			buildSettings = {
				ALWAYS_SEARCH_USER_PATHS = NO;
				CLANG_ANALYZER_NONNULL = YES;
				CLANG_ANALYZER_NUMBER_OBJECT_CONVERSION = YES_AGGRESSIVE;
				CLANG_CXX_LANGUAGE_STANDARD = "gnu++20";
				CLANG_ENABLE_MODULES = YES;
				CLANG_ENABLE_OBJC_ARC = YES;
				CLANG_ENABLE_OBJC_WEAK = YES;
				CLANG_WARN_BLOCK_CAPTURE_AUTORELEASING = YES;
				CLANG_WARN_BOOL_CONVERSION = YES;
				CLANG_WARN_COMMA = YES;
				CLANG_WARN_CONSTANT_CONVERSION = YES;
				CLANG_WARN_DEPRECATED_OBJC_IMPLEMENTATIONS = YES;
				CLANG_WARN_DIRECT_OBJC_ISA_USAGE = YES_ERROR;
				CLANG_WARN_DOCUMENTATION_COMMENTS = YES;
				CLANG_WARN_EMPTY_BODY = YES;
				CLANG_WARN_ENUM_CONVERSION = YES;
				CLANG_WARN_INFINITE_RECURSION = YES;
				CLANG_WARN_INT_CONVERSION = YES;
				CLANG_WARN_NON_LITERAL_NULL_CONVERSION = YES;
				CLANG_WARN_OBJC_IMPLICIT_RETAIN_SELF = YES;
				CLANG_WARN_OBJC_LITERAL_CONVERSION = YES;
				CLANG_WARN_OBJC_ROOT_CLASS = YES_ERROR;
				CLANG_WARN_QUOTED_INCLUDE_IN_FRAMEWORK_HEADER = YES;
				CLANG_WARN_RANGE_LOOP_ANALYSIS = YES;
				CLANG_WARN_STRICT_PROTOTYPES = YES;
				CLANG_WARN_SUSPICIOUS_MOVE = YES;
				CLANG_WARN_UNGUARDED_AVAILABILITY = YES_AGGRESSIVE;
				CLANG_WARN_UNREACHABLE_CODE = YES;
				CLANG_WARN__DUPLICATE_METHOD_MATCH = YES;
				COPY_PHASE_STRIP = NO;
				DEBUG_INFORMATION_FORMAT = dwarf;
				ENABLE_STRICT_OBJC_MSGSEND = YES;
				ENABLE_TESTABILITY = YES;
				GCC_C_LANGUAGE_STANDARD = gnu11;
				GCC_DYNAMIC_NO_PIC = NO;
				GCC_NO_COMMON_BLOCKS = YES;
				GCC_OPTIMIZATION_LEVEL = 0;
				GCC_PREPROCESSOR_DEFINITIONS = (
					"DEBUG=1",
					"$(inherited)",
				);
				GCC_WARN_64_TO_32_BIT_CONVERSION = YES;
				GCC_WARN_ABOUT_RETURN_TYPE = YES_ERROR;
				GCC_WARN_UNDECLARED_SELECTOR = YES;
				GCC_WARN_UNINITIALIZED_AUTOS = YES_AGGRESSIVE;
				GCC_WARN_UNUSED_FUNCTION = YES;
				GCC_WARN_UNUSED_VARIABLE = YES;
				MACOSX_DEPLOYMENT_TARGET = 13.0;
				MTL_ENABLE_DEBUG_INFO = INCLUDE_SOURCE;
				MTL_FAST_MATH = YES;
				ONLY_ACTIVE_ARCH = YES;
				SDKROOT = macosx;
			};
			name = Debug;
		};
		A1FF15D0295DCCAB007BBB93 /* Release */ = {
			isa = XCBuildConfiguration;
			buildSettings = {
				ALWAYS_SEARCH_USER_PATHS = NO;
				CLANG_ANALYZER_NONNULL = YES;
				CLANG_ANALYZER_NUMBER_OBJECT_CONVERSION = YES_AGGRESSIVE;
				CLANG_CXX_LANGUAGE_STANDARD = "gnu++20";
				CLANG_ENABLE_MODULES = YES;
				CLANG_ENABLE_OBJC_ARC = YES;
				CLANG_ENABLE_OBJC_WEAK = YES;
				CLANG_WARN_BLOCK_CAPTURE_AUTORELEASING = YES;
				CLANG_WARN_BOOL_CONVERSION = YES;
				CLANG_WARN_COMMA = YES;
				CLANG_WARN_CONSTANT_CONVERSION = YES;
				CLANG_WARN_DEPRECATED_OBJC_IMPLEMENTATIONS = YES;
				CLANG_WARN_DIRECT_OBJC_ISA_USAGE = YES_ERROR;
				CLANG_WARN_DOCUMENTATION_COMMENTS = YES;
				CLANG_WARN_EMPTY_BODY = YES;
				CLANG_WARN_ENUM_CONVERSION = YES;
				CLANG_WARN_INFINITE_RECURSION = YES;
				CLANG_WARN_INT_CONVERSION = YES;
				CLANG_WARN_NON_LITERAL_NULL_CONVERSION = YES;
				CLANG_WARN_OBJC_IMPLICIT_RETAIN_SELF = YES;
				CLANG_WARN_OBJC_LITERAL_CONVERSION = YES;
				CLANG_WARN_OBJC_ROOT_CLASS = YES_ERROR;
				CLANG_WARN_QUOTED_INCLUDE_IN_FRAMEWORK_HEADER = YES;
				CLANG_WARN_RANGE_LOOP_ANALYSIS = YES;
				CLANG_WARN_STRICT_PROTOTYPES = YES;
				CLANG_WARN_SUSPICIOUS_MOVE = YES;
				CLANG_WARN_UNGUARDED_AVAILABILITY = YES_AGGRESSIVE;
				CLANG_WARN_UNREACHABLE_CODE = YES;
				CLANG_WARN__DUPLICATE_METHOD_MATCH = YES;
				COPY_PHASE_STRIP = NO;
				DEBUG_INFORMATION_FORMAT = "dwarf-with-dsym";
				ENABLE_NS_ASSERTIONS = NO;
				ENABLE_STRICT_OBJC_MSGSEND = YES;
				GCC_C_LANGUAGE_STANDARD = gnu11;
				GCC_NO_COMMON_BLOCKS = YES;
				GCC_WARN_64_TO_32_BIT_CONVERSION = YES;
				GCC_WARN_ABOUT_RETURN_TYPE = YES_ERROR;
				GCC_WARN_UNDECLARED_SELECTOR = YES;
				GCC_WARN_UNINITIALIZED_AUTOS = YES_AGGRESSIVE;
				GCC_WARN_UNUSED_FUNCTION = YES;
				GCC_WARN_UNUSED_VARIABLE = YES;
				MACOSX_DEPLOYMENT_TARGET = 13.0;
				MTL_ENABLE_DEBUG_INFO = NO;
				MTL_FAST_MATH = YES;
				SDKROOT = macosx;
			};
			name = Release;
		};
		A1FF15D2295DCCAB007BBB93 /* Debug */ = {
			isa = XCBuildConfiguration;
			buildSettings = {
				CODE_SIGN_STYLE = Automatic;
				PRODUCT_NAME = "$(TARGET_NAME)";
			};
			name = Debug;
		};
		A1FF15D3295DCCAB007BBB93 /* Release */ = {
			isa = XCBuildConfiguration;
			buildSettings = {
				CODE_SIGN_STYLE = Automatic;
				PRODUCT_NAME = "$(TARGET_NAME)";
			};
			name = Release;
		};
/* End XCBuildConfiguration section */

/* Begin XCConfigurationList section */
		A1FF15C5295DCCAB007BBB93 /* Build configuration list for PBXProject "LeetCodeProject" */ = {
			isa = XCConfigurationList;
			buildConfigurations = (
				A1FF15CF295DCCAB007BBB93 /* Debug */,
				A1FF15D0295DCCAB007BBB93 /* Release */,
			);
			defaultConfigurationIsVisible = 0;
			defaultConfigurationName = Release;
		};
		A1FF15D1295DCCAB007BBB93 /* Build configuration list for PBXNativeTarget "LeetCodeProject" */ = {
			isa = XCConfigurationList;
			buildConfigurations = (
				A1FF15D2295DCCAB007BBB93 /* Debug */,
				A1FF15D3295DCCAB007BBB93 /* Release */,
			);
			defaultConfigurationIsVisible = 0;
			defaultConfigurationName = Release;
		};
/* End XCConfigurationList section */
	};
	rootObject = A1FF15C2295DCCAB007BBB93 /* Project object */;
}
